
Microsoft Visual Studio Solution File, Format Version 12.00
# Visual Studio Version 17
VisualStudioVersion = 17.7.34221.43
MinimumVisualStudioVersion = 10.0.40219.1
Project("{FAE04EC0-301F-11D3-BF4B-00C04F79EFBC}") = "UVSim", "UVSim.csproj", "{F08C30B2-49A7-4C8B-8160-F8A43C084F6F}"
EndProject
Global
	GlobalSection(SolutionConfigurationPlatforms) = preSolution
		Debug|Any CPU = Debug|Any CPU
		Release|Any CPU = Release|Any CPU
	EndGlobalSection
	GlobalSection(ProjectConfigurationPlatforms) = postSolution
		{F08C30B2-49A7-4C8B-8160-F8A43C084F6F}.Debug|Any CPU.ActiveCfg = Debug|Any CPU
		{F08C30B2-49A7-4C8B-8160-F8A43C084F6F}.Debug|Any CPU.Build.0 = Debug|Any CPU
		{F08C30B2-49A7-4C8B-8160-F8A43C084F6F}.Release|Any CPU.ActiveCfg = Release|Any CPU
		{F08C30B2-49A7-4C8B-8160-F8A43C084F6F}.Release|Any CPU.Build.0 = Release|Any CPU
	EndGlobalSection
	GlobalSection(SolutionProperties) = preSolution
		HideSolutionNode = FALSE
	EndGlobalSection
	GlobalSection(ExtensibilityGlobals) = postSolution
		SolutionGuid = {A61EA7CC-0F30-46AE-8650-300E89144168}
	EndGlobalSection
EndGlobal
